
Microsoft Visual Studio Solution File, Format Version 12.00
# Visual Studio Version 16
VisualStudioVersion = 16.0.28803.202
MinimumVisualStudioVersion = 10.0.40219.1
Project("{FAE04EC0-301F-11D3-BF4B-00C04F79EFBC}") = "CRUD.netCore", "CRUD.netCore\CRUD.netCore.csproj", "{097AF98D-FECA-4537-8F16-5F017F9396DC}"
EndProject
Global
	GlobalSection(SolutionConfigurationPlatforms) = preSolution
		Debug|Any CPU = Debug|Any CPU
		Release|Any CPU = Release|Any CPU
	EndGlobalSection
	GlobalSection(ProjectConfigurationPlatforms) = postSolution
		{097AF98D-FECA-4537-8F16-5F017F9396DC}.Debug|Any CPU.ActiveCfg = Debug|Any CPU
		{097AF98D-FECA-4537-8F16-5F017F9396DC}.Debug|Any CPU.Build.0 = Debug|Any CPU
		{097AF98D-FECA-4537-8F16-5F017F9396DC}.Release|Any CPU.ActiveCfg = Release|Any CPU
		{097AF98D-FECA-4537-8F16-5F017F9396DC}.Release|Any CPU.Build.0 = Release|Any CPU
	EndGlobalSection
	GlobalSection(SolutionProperties) = preSolution
		HideSolutionNode = FALSE
	EndGlobalSection
	GlobalSection(ExtensibilityGlobals) = postSolution
		SolutionGuid = {E98667DE-F1D4-405C-A0DD-52ACA6CC3200}
	EndGlobalSection
EndGlobal
