
Microsoft Visual Studio Solution File, Format Version 12.00
# Visual Studio Version 16
VisualStudioVersion = 16.0.28803.352
MinimumVisualStudioVersion = 10.0.40219.1
Project("{9A19103F-16F7-4668-BE54-9A1E7A4F7556}") = "IntroductionToNetCore", "IntroductionToNetCore\IntroductionToNetCore.csproj", "{80A26859-278C-4AF5-9B1E-FA6635F6C00E}"
EndProject
Project("{2150E333-8FDC-42A3-9474-1A3956D46DE8}") = "Venkat_Tutorial", "Venkat_Tutorial", "{E00F29D0-8E16-400A-AE4C-9E5DE1BD879A}"
EndProject
Global
	GlobalSection(SolutionConfigurationPlatforms) = preSolution
		Debug|Any CPU = Debug|Any CPU
		Release|Any CPU = Release|Any CPU
	EndGlobalSection
	GlobalSection(ProjectConfigurationPlatforms) = postSolution
		{80A26859-278C-4AF5-9B1E-FA6635F6C00E}.Debug|Any CPU.ActiveCfg = Debug|Any CPU
		{80A26859-278C-4AF5-9B1E-FA6635F6C00E}.Debug|Any CPU.Build.0 = Debug|Any CPU
		{80A26859-278C-4AF5-9B1E-FA6635F6C00E}.Release|Any CPU.ActiveCfg = Release|Any CPU
		{80A26859-278C-4AF5-9B1E-FA6635F6C00E}.Release|Any CPU.Build.0 = Release|Any CPU
	EndGlobalSection
	GlobalSection(SolutionProperties) = preSolution
		HideSolutionNode = FALSE
	EndGlobalSection
	GlobalSection(NestedProjects) = preSolution
		{80A26859-278C-4AF5-9B1E-FA6635F6C00E} = {E00F29D0-8E16-400A-AE4C-9E5DE1BD879A}
	EndGlobalSection
	GlobalSection(ExtensibilityGlobals) = postSolution
		SolutionGuid = {4FA3F7FC-9AB8-4536-91C1-5C18ADE18A6F}
	EndGlobalSection
EndGlobal
